
Microsoft Visual Studio Solution File, Format Version 12.00
# Visual Studio Version 16
VisualStudioVersion = 16.0.29424.173
MinimumVisualStudioVersion = 10.0.40219.1
Project("{FAE04EC0-301F-11D3-BF4B-00C04F79EFBC}") = "ObserverPattern", "ObserverPattern\ObserverPattern.csproj", "{75148D83-F288-4280-96D4-DCB92183F03E}"
EndProject
Project("{FAE04EC0-301F-11D3-BF4B-00C04F79EFBC}") = "DecoratorPattern", "DecoratorPattern\DecoratorPattern.csproj", "{FCF3E042-E993-474E-8A77-CB8E1AEAAFF9}"
EndProject
Project("{FAE04EC0-301F-11D3-BF4B-00C04F79EFBC}") = "FactoryPattern", "FactoryPattern\FactoryPattern.csproj", "{3ED53A90-946F-4504-8B5D-0F5DC3012029}"
EndProject
Project("{FAE04EC0-301F-11D3-BF4B-00C04F79EFBC}") = "SingletonPattern", "SingletonPattern\SingletonPattern.csproj", "{88369509-B18D-4D76-A001-8CCEC348395A}"
EndProject
Project("{9A19103F-16F7-4668-BE54-9A1E7A4F7556}") = "CommandPattern", "CommandPattern\CommandPattern.csproj", "{830D84C4-7391-483D-87DB-2C2FF708D1DE}"
EndProject
Project("{9A19103F-16F7-4668-BE54-9A1E7A4F7556}") = "AdapterPattern", "AdapterPattern\AdapterPattern.csproj", "{E245F978-657F-4FEA-B3A3-D902CC6A0549}"
EndProject
Project("{9A19103F-16F7-4668-BE54-9A1E7A4F7556}") = "FacadePattern", "FacadePattern\FacadePattern.csproj", "{9006376E-C437-43EE-B178-714232B82ADC}"
EndProject
Project("{9A19103F-16F7-4668-BE54-9A1E7A4F7556}") = "TemplateMethodPattern", "TemplateMethodPattern\TemplateMethodPattern.csproj", "{3E1D5761-41E4-483F-B9CA-57A070232D3D}"
EndProject
Project("{FAE04EC0-301F-11D3-BF4B-00C04F79EFBC}") = "IteratorPattern", "IteratorPattern\IteratorPattern.csproj", "{4C9B5B69-BDB2-48BC-9C52-1F78A7217879}"
EndProject
Global
	GlobalSection(SolutionConfigurationPlatforms) = preSolution
		Debug|Any CPU = Debug|Any CPU
		Release|Any CPU = Release|Any CPU
	EndGlobalSection
	GlobalSection(ProjectConfigurationPlatforms) = postSolution
		{75148D83-F288-4280-96D4-DCB92183F03E}.Debug|Any CPU.ActiveCfg = Debug|Any CPU
		{75148D83-F288-4280-96D4-DCB92183F03E}.Debug|Any CPU.Build.0 = Debug|Any CPU
		{75148D83-F288-4280-96D4-DCB92183F03E}.Release|Any CPU.ActiveCfg = Release|Any CPU
		{75148D83-F288-4280-96D4-DCB92183F03E}.Release|Any CPU.Build.0 = Release|Any CPU
		{FCF3E042-E993-474E-8A77-CB8E1AEAAFF9}.Debug|Any CPU.ActiveCfg = Debug|Any CPU
		{FCF3E042-E993-474E-8A77-CB8E1AEAAFF9}.Debug|Any CPU.Build.0 = Debug|Any CPU
		{FCF3E042-E993-474E-8A77-CB8E1AEAAFF9}.Release|Any CPU.ActiveCfg = Release|Any CPU
		{FCF3E042-E993-474E-8A77-CB8E1AEAAFF9}.Release|Any CPU.Build.0 = Release|Any CPU
		{3ED53A90-946F-4504-8B5D-0F5DC3012029}.Debug|Any CPU.ActiveCfg = Debug|Any CPU
		{3ED53A90-946F-4504-8B5D-0F5DC3012029}.Debug|Any CPU.Build.0 = Debug|Any CPU
		{3ED53A90-946F-4504-8B5D-0F5DC3012029}.Release|Any CPU.ActiveCfg = Release|Any CPU
		{3ED53A90-946F-4504-8B5D-0F5DC3012029}.Release|Any CPU.Build.0 = Release|Any CPU
		{88369509-B18D-4D76-A001-8CCEC348395A}.Debug|Any CPU.ActiveCfg = Debug|Any CPU
		{88369509-B18D-4D76-A001-8CCEC348395A}.Debug|Any CPU.Build.0 = Debug|Any CPU
		{88369509-B18D-4D76-A001-8CCEC348395A}.Release|Any CPU.ActiveCfg = Release|Any CPU
		{88369509-B18D-4D76-A001-8CCEC348395A}.Release|Any CPU.Build.0 = Release|Any CPU
		{830D84C4-7391-483D-87DB-2C2FF708D1DE}.Debug|Any CPU.ActiveCfg = Debug|Any CPU
		{830D84C4-7391-483D-87DB-2C2FF708D1DE}.Debug|Any CPU.Build.0 = Debug|Any CPU
		{830D84C4-7391-483D-87DB-2C2FF708D1DE}.Release|Any CPU.ActiveCfg = Release|Any CPU
		{830D84C4-7391-483D-87DB-2C2FF708D1DE}.Release|Any CPU.Build.0 = Release|Any CPU
		{E245F978-657F-4FEA-B3A3-D902CC6A0549}.Debug|Any CPU.ActiveCfg = Debug|Any CPU
		{E245F978-657F-4FEA-B3A3-D902CC6A0549}.Debug|Any CPU.Build.0 = Debug|Any CPU
		{E245F978-657F-4FEA-B3A3-D902CC6A0549}.Release|Any CPU.ActiveCfg = Release|Any CPU
		{E245F978-657F-4FEA-B3A3-D902CC6A0549}.Release|Any CPU.Build.0 = Release|Any CPU
		{9006376E-C437-43EE-B178-714232B82ADC}.Debug|Any CPU.ActiveCfg = Debug|Any CPU
		{9006376E-C437-43EE-B178-714232B82ADC}.Debug|Any CPU.Build.0 = Debug|Any CPU
		{9006376E-C437-43EE-B178-714232B82ADC}.Release|Any CPU.ActiveCfg = Release|Any CPU
		{9006376E-C437-43EE-B178-714232B82ADC}.Release|Any CPU.Build.0 = Release|Any CPU
		{3E1D5761-41E4-483F-B9CA-57A070232D3D}.Debug|Any CPU.ActiveCfg = Debug|Any CPU
		{3E1D5761-41E4-483F-B9CA-57A070232D3D}.Debug|Any CPU.Build.0 = Debug|Any CPU
		{3E1D5761-41E4-483F-B9CA-57A070232D3D}.Release|Any CPU.ActiveCfg = Release|Any CPU
		{3E1D5761-41E4-483F-B9CA-57A070232D3D}.Release|Any CPU.Build.0 = Release|Any CPU
		{4C9B5B69-BDB2-48BC-9C52-1F78A7217879}.Debug|Any CPU.ActiveCfg = Debug|Any CPU
		{4C9B5B69-BDB2-48BC-9C52-1F78A7217879}.Debug|Any CPU.Build.0 = Debug|Any CPU
		{4C9B5B69-BDB2-48BC-9C52-1F78A7217879}.Release|Any CPU.ActiveCfg = Release|Any CPU
		{4C9B5B69-BDB2-48BC-9C52-1F78A7217879}.Release|Any CPU.Build.0 = Release|Any CPU
	EndGlobalSection
	GlobalSection(SolutionProperties) = preSolution
		HideSolutionNode = FALSE
	EndGlobalSection
	GlobalSection(ExtensibilityGlobals) = postSolution
		SolutionGuid = {12BE716B-2DAF-4D87-A925-42DE0C466C87}
	EndGlobalSection
EndGlobal
